
Microsoft Visual Studio Solution File, Format Version 12.00
# Visual Studio 15
VisualStudioVersion = 15.0.27705.2000
MinimumVisualStudioVersion = 10.0.40219.1
Project("{9A19103F-16F7-4668-BE54-9A1E7A4F7556}") = "AzureFunctions", "AzureFunctions\AzureFunctions.csproj", "{BF347A79-58B3-4BB1-B079-0252BCE50E7D}"
EndProject
Project("{9A19103F-16F7-4668-BE54-9A1E7A4F7556}") = "Shared", "Shared\Shared.csproj", "{8172EB8B-5568-4A51-88F5-9DB7BA5914E8}"
EndProject
Project("{9A19103F-16F7-4668-BE54-9A1E7A4F7556}") = "Logic", "Logic\Logic.csproj", "{37A85FA5-998A-4635-A45A-96463EB6E4E5}"
EndProject
Project("{9A19103F-16F7-4668-BE54-9A1E7A4F7556}") = "AzureServices", "AzureServices\AzureServices.csproj", "{210B3E03-916A-4F89-9A55-08CCCB096252}"
EndProject
Project("{9A19103F-16F7-4668-BE54-9A1E7A4F7556}") = "SharedInterfaces", "SharedInterfaces\SharedInterfaces.csproj", "{793D2EF5-DFD7-492C-877F-B9AC86056319}"
EndProject
Project("{FAE04EC0-301F-11D3-BF4B-00C04F79EFBC}") = "LogicTest", "LogicTest\LogicTest.csproj", "{952E45E4-CC4B-4251-8DB1-41C0880A8693}"
EndProject
Global
	GlobalSection(SolutionConfigurationPlatforms) = preSolution
		Debug|Any CPU = Debug|Any CPU
		Release|Any CPU = Release|Any CPU
	EndGlobalSection
	GlobalSection(ProjectConfigurationPlatforms) = postSolution
		{BF347A79-58B3-4BB1-B079-0252BCE50E7D}.Debug|Any CPU.ActiveCfg = Debug|Any CPU
		{BF347A79-58B3-4BB1-B079-0252BCE50E7D}.Debug|Any CPU.Build.0 = Debug|Any CPU
		{BF347A79-58B3-4BB1-B079-0252BCE50E7D}.Release|Any CPU.ActiveCfg = Release|Any CPU
		{BF347A79-58B3-4BB1-B079-0252BCE50E7D}.Release|Any CPU.Build.0 = Release|Any CPU
		{8172EB8B-5568-4A51-88F5-9DB7BA5914E8}.Debug|Any CPU.ActiveCfg = Debug|Any CPU
		{8172EB8B-5568-4A51-88F5-9DB7BA5914E8}.Debug|Any CPU.Build.0 = Debug|Any CPU
		{8172EB8B-5568-4A51-88F5-9DB7BA5914E8}.Release|Any CPU.ActiveCfg = Release|Any CPU
		{8172EB8B-5568-4A51-88F5-9DB7BA5914E8}.Release|Any CPU.Build.0 = Release|Any CPU
		{37A85FA5-998A-4635-A45A-96463EB6E4E5}.Debug|Any CPU.ActiveCfg = Debug|Any CPU
		{37A85FA5-998A-4635-A45A-96463EB6E4E5}.Debug|Any CPU.Build.0 = Debug|Any CPU
		{37A85FA5-998A-4635-A45A-96463EB6E4E5}.Release|Any CPU.ActiveCfg = Release|Any CPU
		{37A85FA5-998A-4635-A45A-96463EB6E4E5}.Release|Any CPU.Build.0 = Release|Any CPU
		{210B3E03-916A-4F89-9A55-08CCCB096252}.Debug|Any CPU.ActiveCfg = Debug|Any CPU
		{210B3E03-916A-4F89-9A55-08CCCB096252}.Debug|Any CPU.Build.0 = Debug|Any CPU
		{210B3E03-916A-4F89-9A55-08CCCB096252}.Release|Any CPU.ActiveCfg = Release|Any CPU
		{210B3E03-916A-4F89-9A55-08CCCB096252}.Release|Any CPU.Build.0 = Release|Any CPU
		{793D2EF5-DFD7-492C-877F-B9AC86056319}.Debug|Any CPU.ActiveCfg = Debug|Any CPU
		{793D2EF5-DFD7-492C-877F-B9AC86056319}.Debug|Any CPU.Build.0 = Debug|Any CPU
		{793D2EF5-DFD7-492C-877F-B9AC86056319}.Release|Any CPU.ActiveCfg = Release|Any CPU
		{793D2EF5-DFD7-492C-877F-B9AC86056319}.Release|Any CPU.Build.0 = Release|Any CPU
		{952E45E4-CC4B-4251-8DB1-41C0880A8693}.Debug|Any CPU.ActiveCfg = Debug|Any CPU
		{952E45E4-CC4B-4251-8DB1-41C0880A8693}.Debug|Any CPU.Build.0 = Debug|Any CPU
		{952E45E4-CC4B-4251-8DB1-41C0880A8693}.Release|Any CPU.ActiveCfg = Release|Any CPU
		{952E45E4-CC4B-4251-8DB1-41C0880A8693}.Release|Any CPU.Build.0 = Release|Any CPU
	EndGlobalSection
	GlobalSection(SolutionProperties) = preSolution
		HideSolutionNode = FALSE
	EndGlobalSection
	GlobalSection(ExtensibilityGlobals) = postSolution
		SolutionGuid = {CAEB510A-E822-403D-8767-577E0902D51E}
	EndGlobalSection
EndGlobal
